
Microsoft Visual Studio Solution File, Format Version 12.00
# Visual Studio Version 16
VisualStudioVersion = 16.0.30225.117
MinimumVisualStudioVersion = 10.0.40219.1
Project("{9A19103F-16F7-4668-BE54-9A1E7A4F7556}") = "IncidentApp", "IncidentApp\IncidentApp.csproj", "{B7991D2B-1080-4F8A-8B6A-4A054CE3FE44}"
EndProject
Project("{FAE04EC0-301F-11D3-BF4B-00C04F79EFBC}") = "IncidentApp.Tests", "IncidentApp.Tests\IncidentApp.Tests.csproj", "{45F32378-6114-4152-92B1-A5CB97E2D60B}"
EndProject
Global
	GlobalSection(SolutionConfigurationPlatforms) = preSolution
		Debug|Any CPU = Debug|Any CPU
		Release|Any CPU = Release|Any CPU
	EndGlobalSection
	GlobalSection(ProjectConfigurationPlatforms) = postSolution
		{B7991D2B-1080-4F8A-8B6A-4A054CE3FE44}.Debug|Any CPU.ActiveCfg = Debug|Any CPU
		{B7991D2B-1080-4F8A-8B6A-4A054CE3FE44}.Debug|Any CPU.Build.0 = Debug|Any CPU
		{B7991D2B-1080-4F8A-8B6A-4A054CE3FE44}.Release|Any CPU.ActiveCfg = Release|Any CPU
		{B7991D2B-1080-4F8A-8B6A-4A054CE3FE44}.Release|Any CPU.Build.0 = Release|Any CPU
		{45F32378-6114-4152-92B1-A5CB97E2D60B}.Debug|Any CPU.ActiveCfg = Debug|Any CPU
		{45F32378-6114-4152-92B1-A5CB97E2D60B}.Debug|Any CPU.Build.0 = Debug|Any CPU
		{45F32378-6114-4152-92B1-A5CB97E2D60B}.Release|Any CPU.ActiveCfg = Release|Any CPU
		{45F32378-6114-4152-92B1-A5CB97E2D60B}.Release|Any CPU.Build.0 = Release|Any CPU
	EndGlobalSection
	GlobalSection(SolutionProperties) = preSolution
		HideSolutionNode = FALSE
	EndGlobalSection
	GlobalSection(ExtensibilityGlobals) = postSolution
		SolutionGuid = {6C466D10-8858-4BBE-BC30-3BC59153DB41}
	EndGlobalSection
EndGlobal
